// !$*UTF8*$!
{
	archiveVersion = 1;
	classes = {
	};
	objectVersion = 50;
	objects = {

/* Begin PBXBuildFile section */
		2729631A26C6E50200C09EA9 /* BookModel.swift in Sources */ = {isa = PBXBuildFile; fileRef = 2729631926C6E50200C09EA9 /* BookModel.swift */; };
		2729631E26C6F20C00C09EA9 /* BookRating.swift in Sources */ = {isa = PBXBuildFile; fileRef = 2729631D26C6F20B00C09EA9 /* BookRating.swift */; };
		2729632026C6F22A00C09EA9 /* BookPreview.swift in Sources */ = {isa = PBXBuildFile; fileRef = 2729631F26C6F22A00C09EA9 /* BookPreview.swift */; };
		2729632226C6F93C00C09EA9 /* BookContent.swift in Sources */ = {isa = PBXBuildFile; fileRef = 2729632126C6F93C00C09EA9 /* BookContent.swift */; };
		27F9D32626C6D8FF006329E8 /* BookPickerApp.swift in Sources */ = {isa = PBXBuildFile; fileRef = 27F9D32526C6D8FF006329E8 /* BookPickerApp.swift */; };
		27F9D32826C6D8FF006329E8 /* BookSelection.swift in Sources */ = {isa = PBXBuildFile; fileRef = 27F9D32726C6D8FF006329E8 /* BookSelection.swift */; };
		27F9D32A26C6D900006329E8 /* Assets.xcassets in Resources */ = {isa = PBXBuildFile; fileRef = 27F9D32926C6D900006329E8 /* Assets.xcassets */; };
		27F9D32D26C6D900006329E8 /* Preview Assets.xcassets in Resources */ = {isa = PBXBuildFile; fileRef = 27F9D32C26C6D900006329E8 /* Preview Assets.xcassets */; };
		27F9D33D26C6DBB1006329E8 /* BooksData.json in Resources */ = {isa = PBXBuildFile; fileRef = 27F9D33C26C6DBB1006329E8 /* BooksData.json */; };
		27F9D34026C6DBFF006329E8 /* Book.swift in Sources */ = {isa = PBXBuildFile; fileRef = 27F9D33F26C6DBFF006329E8 /* Book.swift */; };
		27F9D34226C6DD97006329E8 /* BookServise.swift in Sources */ = {isa = PBXBuildFile; fileRef = 27F9D34126C6DD97006329E8 /* BookServise.swift */; };
/* End PBXBuildFile section */

/* Begin PBXFileReference section */
		2729631926C6E50200C09EA9 /* BookModel.swift */ = {isa = PBXFileReference; lastKnownFileType = sourcecode.swift; path = BookModel.swift; sourceTree = "<group>"; };
		2729631D26C6F20B00C09EA9 /* BookRating.swift */ = {isa = PBXFileReference; lastKnownFileType = sourcecode.swift; path = BookRating.swift; sourceTree = "<group>"; };
		2729631F26C6F22A00C09EA9 /* BookPreview.swift */ = {isa = PBXFileReference; lastKnownFileType = sourcecode.swift; path = BookPreview.swift; sourceTree = "<group>"; };
		2729632126C6F93C00C09EA9 /* BookContent.swift */ = {isa = PBXFileReference; lastKnownFileType = sourcecode.swift; path = BookContent.swift; sourceTree = "<group>"; };
		27F9D32226C6D8FF006329E8 /* BookPicker.app */ = {isa = PBXFileReference; explicitFileType = wrapper.application; includeInIndex = 0; path = BookPicker.app; sourceTree = BUILT_PRODUCTS_DIR; };
		27F9D32526C6D8FF006329E8 /* BookPickerApp.swift */ = {isa = PBXFileReference; lastKnownFileType = sourcecode.swift; path = BookPickerApp.swift; sourceTree = "<group>"; };
		27F9D32726C6D8FF006329E8 /* BookSelection.swift */ = {isa = PBXFileReference; lastKnownFileType = sourcecode.swift; path = BookSelection.swift; sourceTree = "<group>"; };
		27F9D32926C6D900006329E8 /* Assets.xcassets */ = {isa = PBXFileReference; lastKnownFileType = folder.assetcatalog; path = Assets.xcassets; sourceTree = "<group>"; };
		27F9D32C26C6D900006329E8 /* Preview Assets.xcassets */ = {isa = PBXFileReference; lastKnownFileType = folder.assetcatalog; path = "Preview Assets.xcassets"; sourceTree = "<group>"; };
		27F9D32E26C6D900006329E8 /* Info.plist */ = {isa = PBXFileReference; lastKnownFileType = text.plist.xml; path = Info.plist; sourceTree = "<group>"; };
		27F9D33C26C6DBB1006329E8 /* BooksData.json */ = {isa = PBXFileReference; lastKnownFileType = text.json; path = BooksData.json; sourceTree = "<group>"; };
		27F9D33F26C6DBFF006329E8 /* Book.swift */ = {isa = PBXFileReference; lastKnownFileType = sourcecode.swift; path = Book.swift; sourceTree = "<group>"; };
		27F9D34126C6DD97006329E8 /* BookServise.swift */ = {isa = PBXFileReference; lastKnownFileType = sourcecode.swift; path = BookServise.swift; sourceTree = "<group>"; };
/* End PBXFileReference section */

/* Begin PBXFrameworksBuildPhase section */
		27F9D31F26C6D8FF006329E8 /* Frameworks */ = {
			isa = PBXFrameworksBuildPhase;
			buildActionMask = 2147483647;
			files = (
			);
			runOnlyForDeploymentPostprocessing = 0;
		};
/* End PBXFrameworksBuildPhase section */

/* Begin PBXGroup section */
		27F9D31926C6D8FF006329E8 = {
			isa = PBXGroup;
			children = (
				27F9D32426C6D8FF006329E8 /* BookPicker */,
				27F9D32326C6D8FF006329E8 /* Products */,
			);
			sourceTree = "<group>";
		};
		27F9D32326C6D8FF006329E8 /* Products */ = {
			isa = PBXGroup;
			children = (
				27F9D32226C6D8FF006329E8 /* BookPicker.app */,
			);
			name = Products;
			sourceTree = "<group>";
		};
		27F9D32426C6D8FF006329E8 /* BookPicker */ = {
			isa = PBXGroup;
			children = (
				27F9D32526C6D8FF006329E8 /* BookPickerApp.swift */,
				27F9D33526C6D99B006329E8 /* View */,
				27F9D33626C6D9A6006329E8 /* ViewModel */,
				27F9D33E26C6DBDB006329E8 /* Model */,
				27F9D33726C6D9B4006329E8 /* Service */,
				27F9D33426C6D992006329E8 /* Data */,
				27F9D32926C6D900006329E8 /* Assets.xcassets */,
				27F9D32E26C6D900006329E8 /* Info.plist */,
				27F9D32B26C6D900006329E8 /* Preview Content */,
			);
			path = BookPicker;
			sourceTree = "<group>";
		};
		27F9D32B26C6D900006329E8 /* Preview Content */ = {
			isa = PBXGroup;
			children = (
				27F9D32C26C6D900006329E8 /* Preview Assets.xcassets */,
			);
			path = "Preview Content";
			sourceTree = "<group>";
		};
		27F9D33426C6D992006329E8 /* Data */ = {
			isa = PBXGroup;
			children = (
				27F9D33C26C6DBB1006329E8 /* BooksData.json */,
			);
			path = Data;
			sourceTree = "<group>";
		};
		27F9D33526C6D99B006329E8 /* View */ = {
			isa = PBXGroup;
			children = (
				27F9D32726C6D8FF006329E8 /* BookSelection.swift */,
				2729631D26C6F20B00C09EA9 /* BookRating.swift */,
				2729631F26C6F22A00C09EA9 /* BookPreview.swift */,
				2729632126C6F93C00C09EA9 /* BookContent.swift */,
			);
			path = View;
			sourceTree = "<group>";
		};
		27F9D33626C6D9A6006329E8 /* ViewModel */ = {
			isa = PBXGroup;
			children = (
				2729631926C6E50200C09EA9 /* BookModel.swift */,
			);
			path = ViewModel;
			sourceTree = "<group>";
		};
		27F9D33726C6D9B4006329E8 /* Service */ = {
			isa = PBXGroup;
			children = (
				27F9D34126C6DD97006329E8 /* BookServise.swift */,
			);
			path = Service;
			sourceTree = "<group>";
		};
		27F9D33E26C6DBDB006329E8 /* Model */ = {
			isa = PBXGroup;
			children = (
				27F9D33F26C6DBFF006329E8 /* Book.swift */,
			);
			path = Model;
			sourceTree = "<group>";
		};
/* End PBXGroup section */

/* Begin PBXNativeTarget section */
		27F9D32126C6D8FF006329E8 /* BookPicker */ = {
			isa = PBXNativeTarget;
			buildConfigurationList = 27F9D33126C6D900006329E8 /* Build configuration list for PBXNativeTarget "BookPicker" */;
			buildPhases = (
				27F9D31E26C6D8FF006329E8 /* Sources */,
				27F9D31F26C6D8FF006329E8 /* Frameworks */,
				27F9D32026C6D8FF006329E8 /* Resources */,
			);
			buildRules = (
			);
			dependencies = (
			);
			name = BookPicker;
			productName = BookPicker;
			productReference = 27F9D32226C6D8FF006329E8 /* BookPicker.app */;
			productType = "com.apple.product-type.application";
		};
/* End PBXNativeTarget section */

/* Begin PBXProject section */
		27F9D31A26C6D8FF006329E8 /* Project object */ = {
			isa = PBXProject;
			attributes = {
				LastSwiftUpdateCheck = 1250;
				LastUpgradeCheck = 1250;
				TargetAttributes = {
					27F9D32126C6D8FF006329E8 = {
						CreatedOnToolsVersion = 12.5.1;
					};
				};
			};
			buildConfigurationList = 27F9D31D26C6D8FF006329E8 /* Build configuration list for PBXProject "BookPicker" */;
			compatibilityVersion = "Xcode 9.3";
			developmentRegion = en;
			hasScannedForEncodings = 0;
			knownRegions = (
				en,
				Base,
			);
			mainGroup = 27F9D31926C6D8FF006329E8;
			productRefGroup = 27F9D32326C6D8FF006329E8 /* Products */;
			projectDirPath = "";
			projectRoot = "";
			targets = (
				27F9D32126C6D8FF006329E8 /* BookPicker */,
			);
		};
/* End PBXProject section */

/* Begin PBXResourcesBuildPhase section */
		27F9D32026C6D8FF006329E8 /* Resources */ = {
			isa = PBXResourcesBuildPhase;
			buildActionMask = 2147483647;
			files = (
				27F9D33D26C6DBB1006329E8 /* BooksData.json in Resources */,
				27F9D32D26C6D900006329E8 /* Preview Assets.xcassets in Resources */,
				27F9D32A26C6D900006329E8 /* Assets.xcassets in Resources */,
			);
			runOnlyForDeploymentPostprocessing = 0;
		};
/* End PBXResourcesBuildPhase section */

/* Begin PBXSourcesBuildPhase section */
		27F9D31E26C6D8FF006329E8 /* Sources */ = {
			isa = PBXSourcesBuildPhase;
			buildActionMask = 2147483647;
			files = (
				2729631A26C6E50200C09EA9 /* BookModel.swift in Sources */,
				27F9D34226C6DD97006329E8 /* BookServise.swift in Sources */,
				2729632226C6F93C00C09EA9 /* BookContent.swift in Sources */,
				27F9D32826C6D8FF006329E8 /* BookSelection.swift in Sources */,
				2729632026C6F22A00C09EA9 /* BookPreview.swift in Sources */,
				2729631E26C6F20C00C09EA9 /* BookRating.swift in Sources */,
				27F9D32626C6D8FF006329E8 /* BookPickerApp.swift in Sources */,
				27F9D34026C6DBFF006329E8 /* Book.swift in Sources */,
			);
			runOnlyForDeploymentPostprocessing = 0;
		};
/* End PBXSourcesBuildPhase section */

/* Begin XCBuildConfiguration section */
		27F9D32F26C6D900006329E8 /* Debug */ = {
			isa = XCBuildConfiguration;
			buildSettings = {
				ALWAYS_SEARCH_USER_PATHS = NO;
				CLANG_ANALYZER_NONNULL = YES;
				CLANG_ANALYZER_NUMBER_OBJECT_CONVERSION = YES_AGGRESSIVE;
				CLANG_CXX_LANGUAGE_STANDARD = "gnu++14";
				CLANG_CXX_LIBRARY = "libc++";
				CLANG_ENABLE_MODULES = YES;
				CLANG_ENABLE_OBJC_ARC = YES;
				CLANG_ENABLE_OBJC_WEAK = YES;
				CLANG_WARN_BLOCK_CAPTURE_AUTORELEASING = YES;
				CLANG_WARN_BOOL_CONVERSION = YES;
				CLANG_WARN_COMMA = YES;
				CLANG_WARN_CONSTANT_CONVERSION = YES;
				CLANG_WARN_DEPRECATED_OBJC_IMPLEMENTATIONS = YES;
				CLANG_WARN_DIRECT_OBJC_ISA_USAGE = YES_ERROR;
				CLANG_WARN_DOCUMENTATION_COMMENTS = YES;
				CLANG_WARN_EMPTY_BODY = YES;
				CLANG_WARN_ENUM_CONVERSION = YES;
				CLANG_WARN_INFINITE_RECURSION = YES;
				CLANG_WARN_INT_CONVERSION = YES;
				CLANG_WARN_NON_LITERAL_NULL_CONVERSION = YES;
				CLANG_WARN_OBJC_IMPLICIT_RETAIN_SELF = YES;
				CLANG_WARN_OBJC_LITERAL_CONVERSION = YES;
				CLANG_WARN_OBJC_ROOT_CLASS = YES_ERROR;
				CLANG_WARN_QUOTED_INCLUDE_IN_FRAMEWORK_HEADER = YES;
				CLANG_WARN_RANGE_LOOP_ANALYSIS = YES;
				CLANG_WARN_STRICT_PROTOTYPES = YES;
				CLANG_WARN_SUSPICIOUS_MOVE = YES;
				CLANG_WARN_UNGUARDED_AVAILABILITY = YES_AGGRESSIVE;
				CLANG_WARN_UNREACHABLE_CODE = YES;
				CLANG_WARN__DUPLICATE_METHOD_MATCH = YES;
				COPY_PHASE_STRIP = NO;
				DEBUG_INFORMATION_FORMAT = dwarf;
				ENABLE_STRICT_OBJC_MSGSEND = YES;
				ENABLE_TESTABILITY = YES;
				GCC_C_LANGUAGE_STANDARD = gnu11;
				GCC_DYNAMIC_NO_PIC = NO;
				GCC_NO_COMMON_BLOCKS = YES;
				GCC_OPTIMIZATION_LEVEL = 0;
				GCC_PREPROCESSOR_DEFINITIONS = (
					"DEBUG=1",
					"$(inherited)",
				);
				GCC_WARN_64_TO_32_BIT_CONVERSION = YES;
				GCC_WARN_ABOUT_RETURN_TYPE = YES_ERROR;
				GCC_WARN_UNDECLARED_SELECTOR = YES;
				GCC_WARN_UNINITIALIZED_AUTOS = YES_AGGRESSIVE;
				GCC_WARN_UNUSED_FUNCTION = YES;
				GCC_WARN_UNUSED_VARIABLE = YES;
				IPHONEOS_DEPLOYMENT_TARGET = 14.5;
				MTL_ENABLE_DEBUG_INFO = INCLUDE_SOURCE;
				MTL_FAST_MATH = YES;
				ONLY_ACTIVE_ARCH = YES;
				SDKROOT = iphoneos;
				SWIFT_ACTIVE_COMPILATION_CONDITIONS = DEBUG;
				SWIFT_OPTIMIZATION_LEVEL = "-Onone";
			};
			name = Debug;
		};
		27F9D33026C6D900006329E8 /* Release */ = {
			isa = XCBuildConfiguration;
			buildSettings = {
				ALWAYS_SEARCH_USER_PATHS = NO;
				CLANG_ANALYZER_NONNULL = YES;
				CLANG_ANALYZER_NUMBER_OBJECT_CONVERSION = YES_AGGRESSIVE;
				CLANG_CXX_LANGUAGE_STANDARD = "gnu++14";
				CLANG_CXX_LIBRARY = "libc++";
				CLANG_ENABLE_MODULES = YES;
				CLANG_ENABLE_OBJC_ARC = YES;
				CLANG_ENABLE_OBJC_WEAK = YES;
				CLANG_WARN_BLOCK_CAPTURE_AUTORELEASING = YES;
				CLANG_WARN_BOOL_CONVERSION = YES;
				CLANG_WARN_COMMA = YES;
				CLANG_WARN_CONSTANT_CONVERSION = YES;
				CLANG_WARN_DEPRECATED_OBJC_IMPLEMENTATIONS = YES;
				CLANG_WARN_DIRECT_OBJC_ISA_USAGE = YES_ERROR;
				CLANG_WARN_DOCUMENTATION_COMMENTS = YES;
				CLANG_WARN_EMPTY_BODY = YES;
				CLANG_WARN_ENUM_CONVERSION = YES;
				CLANG_WARN_INFINITE_RECURSION = YES;
				CLANG_WARN_INT_CONVERSION = YES;
				CLANG_WARN_NON_LITERAL_NULL_CONVERSION = YES;
				CLANG_WARN_OBJC_IMPLICIT_RETAIN_SELF = YES;
				CLANG_WARN_OBJC_LITERAL_CONVERSION = YES;
				CLANG_WARN_OBJC_ROOT_CLASS = YES_ERROR;
				CLANG_WARN_QUOTED_INCLUDE_IN_FRAMEWORK_HEADER = YES;
				CLANG_WARN_RANGE_LOOP_ANALYSIS = YES;
				CLANG_WARN_STRICT_PROTOTYPES = YES;
				CLANG_WARN_SUSPICIOUS_MOVE = YES;
				CLANG_WARN_UNGUARDED_AVAILABILITY = YES_AGGRESSIVE;
				CLANG_WARN_UNREACHABLE_CODE = YES;
				CLANG_WARN__DUPLICATE_METHOD_MATCH = YES;
				COPY_PHASE_STRIP = NO;
				DEBUG_INFORMATION_FORMAT = "dwarf-with-dsym";
				ENABLE_NS_ASSERTIONS = NO;
				ENABLE_STRICT_OBJC_MSGSEND = YES;
				GCC_C_LANGUAGE_STANDARD = gnu11;
				GCC_NO_COMMON_BLOCKS = YES;
				GCC_WARN_64_TO_32_BIT_CONVERSION = YES;
				GCC_WARN_ABOUT_RETURN_TYPE = YES_ERROR;
				GCC_WARN_UNDECLARED_SELECTOR = YES;
				GCC_WARN_UNINITIALIZED_AUTOS = YES_AGGRESSIVE;
				GCC_WARN_UNUSED_FUNCTION = YES;
				GCC_WARN_UNUSED_VARIABLE = YES;
				IPHONEOS_DEPLOYMENT_TARGET = 14.5;
				MTL_ENABLE_DEBUG_INFO = NO;
				MTL_FAST_MATH = YES;
				SDKROOT = iphoneos;
				SWIFT_COMPILATION_MODE = wholemodule;
				SWIFT_OPTIMIZATION_LEVEL = "-O";
				VALIDATE_PRODUCT = YES;
			};
			name = Release;
		};
		27F9D33226C6D900006329E8 /* Debug */ = {
			isa = XCBuildConfiguration;
			buildSettings = {
				ASSETCATALOG_COMPILER_APPICON_NAME = AppIcon;
				ASSETCATALOG_COMPILER_GLOBAL_ACCENT_COLOR_NAME = AccentColor;
				CODE_SIGN_STYLE = Automatic;
				DEVELOPMENT_ASSET_PATHS = "\"BookPicker/Preview Content\"";
				DEVELOPMENT_TEAM = 4ZN2P6783G;
				ENABLE_PREVIEWS = YES;
				INFOPLIST_FILE = BookPicker/Info.plist;
				IPHONEOS_DEPLOYMENT_TARGET = 14.0;
				LD_RUNPATH_SEARCH_PATHS = (
					"$(inherited)",
					"@executable_path/Frameworks",
				);
				PRODUCT_BUNDLE_IDENTIFIER = tzortziskap.com.BookPicker;
				PRODUCT_NAME = "$(TARGET_NAME)";
				SWIFT_VERSION = 5.0;
				TARGETED_DEVICE_FAMILY = "1,2";
			};
			name = Debug;
		};
		27F9D33326C6D900006329E8 /* Release */ = {
			isa = XCBuildConfiguration;
			buildSettings = {
				ASSETCATALOG_COMPILER_APPICON_NAME = AppIcon;
				ASSETCATALOG_COMPILER_GLOBAL_ACCENT_COLOR_NAME = AccentColor;
				CODE_SIGN_STYLE = Automatic;
				DEVELOPMENT_ASSET_PATHS = "\"BookPicker/Preview Content\"";
				DEVELOPMENT_TEAM = 4ZN2P6783G;
				ENABLE_PREVIEWS = YES;
				INFOPLIST_FILE = BookPicker/Info.plist;
				IPHONEOS_DEPLOYMENT_TARGET = 14.0;
				LD_RUNPATH_SEARCH_PATHS = (
					"$(inherited)",
					"@executable_path/Frameworks",
				);
				PRODUCT_BUNDLE_IDENTIFIER = tzortziskap.com.BookPicker;
				PRODUCT_NAME = "$(TARGET_NAME)";
				SWIFT_VERSION = 5.0;
				TARGETED_DEVICE_FAMILY = "1,2";
			};
			name = Release;
		};
/* End XCBuildConfiguration section */

/* Begin XCConfigurationList section */
		27F9D31D26C6D8FF006329E8 /* Build configuration list for PBXProject "BookPicker" */ = {
			isa = XCConfigurationList;
			buildConfigurations = (
				27F9D32F26C6D900006329E8 /* Debug */,
				27F9D33026C6D900006329E8 /* Release */,
			);
			defaultConfigurationIsVisible = 0;
			defaultConfigurationName = Release;
		};
		27F9D33126C6D900006329E8 /* Build configuration list for PBXNativeTarget "BookPicker" */ = {
			isa = XCConfigurationList;
			buildConfigurations = (
				27F9D33226C6D900006329E8 /* Debug */,
				27F9D33326C6D900006329E8 /* Release */,
			);
			defaultConfigurationIsVisible = 0;
			defaultConfigurationName = Release;
		};
/* End XCConfigurationList section */
	};
	rootObject = 27F9D31A26C6D8FF006329E8 /* Project object */;
}
